// !$*UTF8*$!
{
	archiveVersion = 1;
	classes = {
	};
	objectVersion = 55;
	objects = {

/* Begin PBXBuildFile section */
		36777678C1A83103907B331E /* Pods_Publisher.framework in Frameworks */ = {isa = PBXBuildFile; fileRef = 291B6AAFA647D798DD666BA0 /* Pods_Publisher.framework */; };
		FF2F072327F7DC7F0032E1C0 /* GoogleService-Info.plist in Resources */ = {isa = PBXBuildFile; fileRef = FF2F072227F7DC7F0032E1C0 /* GoogleService-Info.plist */; };
		FF2F072A27F7E03E0032E1C0 /* HomeTableViewCell.swift in Sources */ = {isa = PBXBuildFile; fileRef = FF2F072827F7E03E0032E1C0 /* HomeTableViewCell.swift */; };
		FF2F072B27F7E03E0032E1C0 /* HomeTableViewCell.xib in Resources */ = {isa = PBXBuildFile; fileRef = FF2F072927F7E03E0032E1C0 /* HomeTableViewCell.xib */; };
		FF2F072F27F7EBC70032E1C0 /* PublishViewController.swift in Sources */ = {isa = PBXBuildFile; fileRef = FF2F072E27F7EBC70032E1C0 /* PublishViewController.swift */; };
		FF61940327F7DA33007942A9 /* AppDelegate.swift in Sources */ = {isa = PBXBuildFile; fileRef = FF61940227F7DA33007942A9 /* AppDelegate.swift */; };
		FF61940527F7DA33007942A9 /* SceneDelegate.swift in Sources */ = {isa = PBXBuildFile; fileRef = FF61940427F7DA33007942A9 /* SceneDelegate.swift */; };
		FF61940727F7DA33007942A9 /* HomeViewController.swift in Sources */ = {isa = PBXBuildFile; fileRef = FF61940627F7DA33007942A9 /* HomeViewController.swift */; };
		FF61940A27F7DA33007942A9 /* Main.storyboard in Resources */ = {isa = PBXBuildFile; fileRef = FF61940827F7DA33007942A9 /* Main.storyboard */; };
		FF61940C27F7DA35007942A9 /* Assets.xcassets in Resources */ = {isa = PBXBuildFile; fileRef = FF61940B27F7DA35007942A9 /* Assets.xcassets */; };
		FF61940F27F7DA35007942A9 /* LaunchScreen.storyboard in Resources */ = {isa = PBXBuildFile; fileRef = FF61940D27F7DA35007942A9 /* LaunchScreen.storyboard */; };
/* End PBXBuildFile section */

/* Begin PBXFileReference section */
		1AB0F3083DE2A3DF14B909D5 /* Pods-Publisher.debug.xcconfig */ = {isa = PBXFileReference; includeInIndex = 1; lastKnownFileType = text.xcconfig; name = "Pods-Publisher.debug.xcconfig"; path = "Target Support Files/Pods-Publisher/Pods-Publisher.debug.xcconfig"; sourceTree = "<group>"; };
		291B6AAFA647D798DD666BA0 /* Pods_Publisher.framework */ = {isa = PBXFileReference; explicitFileType = wrapper.framework; includeInIndex = 0; path = Pods_Publisher.framework; sourceTree = BUILT_PRODUCTS_DIR; };
		8CD8845AD99C4BCCB5DE4ADE /* Pods-Publisher.release.xcconfig */ = {isa = PBXFileReference; includeInIndex = 1; lastKnownFileType = text.xcconfig; name = "Pods-Publisher.release.xcconfig"; path = "Target Support Files/Pods-Publisher/Pods-Publisher.release.xcconfig"; sourceTree = "<group>"; };
		FF2F072227F7DC7F0032E1C0 /* GoogleService-Info.plist */ = {isa = PBXFileReference; fileEncoding = 4; lastKnownFileType = text.plist.xml; path = "GoogleService-Info.plist"; sourceTree = "<group>"; };
		FF2F072827F7E03E0032E1C0 /* HomeTableViewCell.swift */ = {isa = PBXFileReference; lastKnownFileType = sourcecode.swift; path = HomeTableViewCell.swift; sourceTree = "<group>"; };
		FF2F072927F7E03E0032E1C0 /* HomeTableViewCell.xib */ = {isa = PBXFileReference; lastKnownFileType = file.xib; path = HomeTableViewCell.xib; sourceTree = "<group>"; };
		FF2F072E27F7EBC70032E1C0 /* PublishViewController.swift */ = {isa = PBXFileReference; lastKnownFileType = sourcecode.swift; path = PublishViewController.swift; sourceTree = "<group>"; };
		FF6193FF27F7DA33007942A9 /* Publisher.app */ = {isa = PBXFileReference; explicitFileType = wrapper.application; includeInIndex = 0; path = Publisher.app; sourceTree = BUILT_PRODUCTS_DIR; };
		FF61940227F7DA33007942A9 /* AppDelegate.swift */ = {isa = PBXFileReference; lastKnownFileType = sourcecode.swift; path = AppDelegate.swift; sourceTree = "<group>"; };
		FF61940427F7DA33007942A9 /* SceneDelegate.swift */ = {isa = PBXFileReference; lastKnownFileType = sourcecode.swift; path = SceneDelegate.swift; sourceTree = "<group>"; };
		FF61940627F7DA33007942A9 /* HomeViewController.swift */ = {isa = PBXFileReference; lastKnownFileType = sourcecode.swift; path = HomeViewController.swift; sourceTree = "<group>"; };
		FF61940927F7DA33007942A9 /* Base */ = {isa = PBXFileReference; lastKnownFileType = file.storyboard; name = Base; path = Base.lproj/Main.storyboard; sourceTree = "<group>"; };
		FF61940B27F7DA35007942A9 /* Assets.xcassets */ = {isa = PBXFileReference; lastKnownFileType = folder.assetcatalog; path = Assets.xcassets; sourceTree = "<group>"; };
		FF61940E27F7DA35007942A9 /* Base */ = {isa = PBXFileReference; lastKnownFileType = file.storyboard; name = Base; path = Base.lproj/LaunchScreen.storyboard; sourceTree = "<group>"; };
		FF61941027F7DA35007942A9 /* Info.plist */ = {isa = PBXFileReference; lastKnownFileType = text.plist.xml; path = Info.plist; sourceTree = "<group>"; };
/* End PBXFileReference section */

/* Begin PBXFrameworksBuildPhase section */
		FF6193FC27F7DA33007942A9 /* Frameworks */ = {
			isa = PBXFrameworksBuildPhase;
			buildActionMask = 2147483647;
			files = (
				36777678C1A83103907B331E /* Pods_Publisher.framework in Frameworks */,
			);
			runOnlyForDeploymentPostprocessing = 0;
		};
/* End PBXFrameworksBuildPhase section */

/* Begin PBXGroup section */
		3E497EFADD00E23FB80B3156 /* Pods */ = {
			isa = PBXGroup;
			children = (
				1AB0F3083DE2A3DF14B909D5 /* Pods-Publisher.debug.xcconfig */,
				8CD8845AD99C4BCCB5DE4ADE /* Pods-Publisher.release.xcconfig */,
			);
			path = Pods;
			sourceTree = "<group>";
		};
		9F64C9024ACE7AB920DC3473 /* Frameworks */ = {
			isa = PBXGroup;
			children = (
				291B6AAFA647D798DD666BA0 /* Pods_Publisher.framework */,
			);
			name = Frameworks;
			sourceTree = "<group>";
		};
		FF2F072427F7DDEF0032E1C0 /* Model */ = {
			isa = PBXGroup;
			children = (
			);
			path = Model;
			sourceTree = "<group>";
		};
		FF2F072527F7DDF40032E1C0 /* View */ = {
			isa = PBXGroup;
			children = (
				FF2F072827F7E03E0032E1C0 /* HomeTableViewCell.swift */,
				FF2F072927F7E03E0032E1C0 /* HomeTableViewCell.xib */,
			);
			path = View;
			sourceTree = "<group>";
		};
		FF2F072627F7DDF70032E1C0 /* Controller */ = {
			isa = PBXGroup;
			children = (
				FF61940627F7DA33007942A9 /* HomeViewController.swift */,
				FF2F072E27F7EBC70032E1C0 /* PublishViewController.swift */,
			);
			path = Controller;
			sourceTree = "<group>";
		};
		FF2F072727F7DDFE0032E1C0 /* Resource */ = {
			isa = PBXGroup;
			children = (
				FF61940B27F7DA35007942A9 /* Assets.xcassets */,
			);
			path = Resource;
			sourceTree = "<group>";
		};
		FF6193F627F7DA33007942A9 = {
			isa = PBXGroup;
			children = (
				FF61940127F7DA33007942A9 /* Publisher */,
				FF61940027F7DA33007942A9 /* Products */,
				3E497EFADD00E23FB80B3156 /* Pods */,
				9F64C9024ACE7AB920DC3473 /* Frameworks */,
			);
			sourceTree = "<group>";
		};
		FF61940027F7DA33007942A9 /* Products */ = {
			isa = PBXGroup;
			children = (
				FF6193FF27F7DA33007942A9 /* Publisher.app */,
			);
			name = Products;
			sourceTree = "<group>";
		};
		FF61940127F7DA33007942A9 /* Publisher */ = {
			isa = PBXGroup;
			children = (
				FF2F072727F7DDFE0032E1C0 /* Resource */,
				FF2F072627F7DDF70032E1C0 /* Controller */,
				FF2F072527F7DDF40032E1C0 /* View */,
				FF2F072427F7DDEF0032E1C0 /* Model */,
				FF61940227F7DA33007942A9 /* AppDelegate.swift */,
				FF61940427F7DA33007942A9 /* SceneDelegate.swift */,
				FF61940827F7DA33007942A9 /* Main.storyboard */,
				FF61940D27F7DA35007942A9 /* LaunchScreen.storyboard */,
				FF61941027F7DA35007942A9 /* Info.plist */,
				FF2F072227F7DC7F0032E1C0 /* GoogleService-Info.plist */,
			);
			path = Publisher;
			sourceTree = "<group>";
		};
/* End PBXGroup section */

/* Begin PBXNativeTarget section */
		FF6193FE27F7DA33007942A9 /* Publisher */ = {
			isa = PBXNativeTarget;
			buildConfigurationList = FF61941327F7DA35007942A9 /* Build configuration list for PBXNativeTarget "Publisher" */;
			buildPhases = (
				B4AA83E8E49D83E177282B4D /* [CP] Check Pods Manifest.lock */,
				FF6193FB27F7DA33007942A9 /* Sources */,
				FF6193FC27F7DA33007942A9 /* Frameworks */,
				FF6193FD27F7DA33007942A9 /* Resources */,
				1356722213C6FB95568FCE9A /* [CP] Embed Pods Frameworks */,
			);
			buildRules = (
			);
			dependencies = (
			);
			name = Publisher;
			productName = Publisher;
			productReference = FF6193FF27F7DA33007942A9 /* Publisher.app */;
			productType = "com.apple.product-type.application";
		};
/* End PBXNativeTarget section */

/* Begin PBXProject section */
		FF6193F727F7DA33007942A9 /* Project object */ = {
			isa = PBXProject;
			attributes = {
				BuildIndependentTargetsInParallel = 1;
				LastSwiftUpdateCheck = 1330;
				LastUpgradeCheck = 1330;
				TargetAttributes = {
					FF6193FE27F7DA33007942A9 = {
						CreatedOnToolsVersion = 13.3;
					};
				};
			};
			buildConfigurationList = FF6193FA27F7DA33007942A9 /* Build configuration list for PBXProject "Publisher" */;
			compatibilityVersion = "Xcode 13.0";
			developmentRegion = en;
			hasScannedForEncodings = 0;
			knownRegions = (
				en,
				Base,
			);
			mainGroup = FF6193F627F7DA33007942A9;
			productRefGroup = FF61940027F7DA33007942A9 /* Products */;
			projectDirPath = "";
			projectRoot = "";
			targets = (
				FF6193FE27F7DA33007942A9 /* Publisher */,
			);
		};
/* End PBXProject section */

/* Begin PBXResourcesBuildPhase section */
		FF6193FD27F7DA33007942A9 /* Resources */ = {
			isa = PBXResourcesBuildPhase;
			buildActionMask = 2147483647;
			files = (
				FF61940F27F7DA35007942A9 /* LaunchScreen.storyboard in Resources */,
				FF2F072327F7DC7F0032E1C0 /* GoogleService-Info.plist in Resources */,
				FF61940C27F7DA35007942A9 /* Assets.xcassets in Resources */,
				FF2F072B27F7E03E0032E1C0 /* HomeTableViewCell.xib in Resources */,
				FF61940A27F7DA33007942A9 /* Main.storyboard in Resources */,
			);
			runOnlyForDeploymentPostprocessing = 0;
		};
/* End PBXResourcesBuildPhase section */

/* Begin PBXShellScriptBuildPhase section */
		1356722213C6FB95568FCE9A /* [CP] Embed Pods Frameworks */ = {
			isa = PBXShellScriptBuildPhase;
			buildActionMask = 2147483647;
			files = (
			);
			inputFileListPaths = (
				"${PODS_ROOT}/Target Support Files/Pods-Publisher/Pods-Publisher-frameworks-${CONFIGURATION}-input-files.xcfilelist",
			);
			name = "[CP] Embed Pods Frameworks";
			outputFileListPaths = (
				"${PODS_ROOT}/Target Support Files/Pods-Publisher/Pods-Publisher-frameworks-${CONFIGURATION}-output-files.xcfilelist",
			);
			runOnlyForDeploymentPostprocessing = 0;
			shellPath = /bin/sh;
			shellScript = "\"${PODS_ROOT}/Target Support Files/Pods-Publisher/Pods-Publisher-frameworks.sh\"\n";
			showEnvVarsInLog = 0;
		};
		B4AA83E8E49D83E177282B4D /* [CP] Check Pods Manifest.lock */ = {
			isa = PBXShellScriptBuildPhase;
			buildActionMask = 2147483647;
			files = (
			);
			inputFileListPaths = (
			);
			inputPaths = (
				"${PODS_PODFILE_DIR_PATH}/Podfile.lock",
				"${PODS_ROOT}/Manifest.lock",
			);
			name = "[CP] Check Pods Manifest.lock";
			outputFileListPaths = (
			);
			outputPaths = (
				"$(DERIVED_FILE_DIR)/Pods-Publisher-checkManifestLockResult.txt",
			);
			runOnlyForDeploymentPostprocessing = 0;
			shellPath = /bin/sh;
			shellScript = "diff \"${PODS_PODFILE_DIR_PATH}/Podfile.lock\" \"${PODS_ROOT}/Manifest.lock\" > /dev/null\nif [ $? != 0 ] ; then\n    # print error to STDERR\n    echo \"error: The sandbox is not in sync with the Podfile.lock. Run 'pod install' or update your CocoaPods installation.\" >&2\n    exit 1\nfi\n# This output is used by Xcode 'outputs' to avoid re-running this script phase.\necho \"SUCCESS\" > \"${SCRIPT_OUTPUT_FILE_0}\"\n";
			showEnvVarsInLog = 0;
		};
/* End PBXShellScriptBuildPhase section */

/* Begin PBXSourcesBuildPhase section */
		FF6193FB27F7DA33007942A9 /* Sources */ = {
			isa = PBXSourcesBuildPhase;
			buildActionMask = 2147483647;
			files = (
				FF2F072F27F7EBC70032E1C0 /* PublishViewController.swift in Sources */,
				FF61940727F7DA33007942A9 /* HomeViewController.swift in Sources */,
				FF61940327F7DA33007942A9 /* AppDelegate.swift in Sources */,
				FF2F072A27F7E03E0032E1C0 /* HomeTableViewCell.swift in Sources */,
				FF61940527F7DA33007942A9 /* SceneDelegate.swift in Sources */,
			);
			runOnlyForDeploymentPostprocessing = 0;
		};
/* End PBXSourcesBuildPhase section */

/* Begin PBXVariantGroup section */
		FF61940827F7DA33007942A9 /* Main.storyboard */ = {
			isa = PBXVariantGroup;
			children = (
				FF61940927F7DA33007942A9 /* Base */,
			);
			name = Main.storyboard;
			sourceTree = "<group>";
		};
		FF61940D27F7DA35007942A9 /* LaunchScreen.storyboard */ = {
			isa = PBXVariantGroup;
			children = (
				FF61940E27F7DA35007942A9 /* Base */,
			);
			name = LaunchScreen.storyboard;
			sourceTree = "<group>";
		};
/* End PBXVariantGroup section */

/* Begin XCBuildConfiguration section */
		FF61941127F7DA35007942A9 /* Debug */ = {
			isa = XCBuildConfiguration;
			buildSettings = {
				ALWAYS_SEARCH_USER_PATHS = NO;
				CLANG_ANALYZER_NONNULL = YES;
				CLANG_ANALYZER_NUMBER_OBJECT_CONVERSION = YES_AGGRESSIVE;
				CLANG_CXX_LANGUAGE_STANDARD = "gnu++17";
				CLANG_ENABLE_MODULES = YES;
				CLANG_ENABLE_OBJC_ARC = YES;
				CLANG_ENABLE_OBJC_WEAK = YES;
				CLANG_WARN_BLOCK_CAPTURE_AUTORELEASING = YES;
				CLANG_WARN_BOOL_CONVERSION = YES;
				CLANG_WARN_COMMA = YES;
				CLANG_WARN_CONSTANT_CONVERSION = YES;
				CLANG_WARN_DEPRECATED_OBJC_IMPLEMENTATIONS = YES;
				CLANG_WARN_DIRECT_OBJC_ISA_USAGE = YES_ERROR;
				CLANG_WARN_DOCUMENTATION_COMMENTS = YES;
				CLANG_WARN_EMPTY_BODY = YES;
				CLANG_WARN_ENUM_CONVERSION = YES;
				CLANG_WARN_INFINITE_RECURSION = YES;
				CLANG_WARN_INT_CONVERSION = YES;
				CLANG_WARN_NON_LITERAL_NULL_CONVERSION = YES;
				CLANG_WARN_OBJC_IMPLICIT_RETAIN_SELF = YES;
				CLANG_WARN_OBJC_LITERAL_CONVERSION = YES;
				CLANG_WARN_OBJC_ROOT_CLASS = YES_ERROR;
				CLANG_WARN_QUOTED_INCLUDE_IN_FRAMEWORK_HEADER = YES;
				CLANG_WARN_RANGE_LOOP_ANALYSIS = YES;
				CLANG_WARN_STRICT_PROTOTYPES = YES;
				CLANG_WARN_SUSPICIOUS_MOVE = YES;
				CLANG_WARN_UNGUARDED_AVAILABILITY = YES_AGGRESSIVE;
				CLANG_WARN_UNREACHABLE_CODE = YES;
				CLANG_WARN__DUPLICATE_METHOD_MATCH = YES;
				COPY_PHASE_STRIP = NO;
				DEBUG_INFORMATION_FORMAT = dwarf;
				ENABLE_STRICT_OBJC_MSGSEND = YES;
				ENABLE_TESTABILITY = YES;
				GCC_C_LANGUAGE_STANDARD = gnu11;
				GCC_DYNAMIC_NO_PIC = NO;
				GCC_NO_COMMON_BLOCKS = YES;
				GCC_OPTIMIZATION_LEVEL = 0;
				GCC_PREPROCESSOR_DEFINITIONS = (
					"DEBUG=1",
					"$(inherited)",
				);
				GCC_WARN_64_TO_32_BIT_CONVERSION = YES;
				GCC_WARN_ABOUT_RETURN_TYPE = YES_ERROR;
				GCC_WARN_UNDECLARED_SELECTOR = YES;
				GCC_WARN_UNINITIALIZED_AUTOS = YES_AGGRESSIVE;
				GCC_WARN_UNUSED_FUNCTION = YES;
				GCC_WARN_UNUSED_VARIABLE = YES;
				IPHONEOS_DEPLOYMENT_TARGET = 15.4;
				MTL_ENABLE_DEBUG_INFO = INCLUDE_SOURCE;
				MTL_FAST_MATH = YES;
				ONLY_ACTIVE_ARCH = YES;
				SDKROOT = iphoneos;
				SWIFT_ACTIVE_COMPILATION_CONDITIONS = DEBUG;
				SWIFT_OPTIMIZATION_LEVEL = "-Onone";
			};
			name = Debug;
		};
		FF61941227F7DA35007942A9 /* Release */ = {
			isa = XCBuildConfiguration;
			buildSettings = {
				ALWAYS_SEARCH_USER_PATHS = NO;
				CLANG_ANALYZER_NONNULL = YES;
				CLANG_ANALYZER_NUMBER_OBJECT_CONVERSION = YES_AGGRESSIVE;
				CLANG_CXX_LANGUAGE_STANDARD = "gnu++17";
				CLANG_ENABLE_MODULES = YES;
				CLANG_ENABLE_OBJC_ARC = YES;
				CLANG_ENABLE_OBJC_WEAK = YES;
				CLANG_WARN_BLOCK_CAPTURE_AUTORELEASING = YES;
				CLANG_WARN_BOOL_CONVERSION = YES;
				CLANG_WARN_COMMA = YES;
				CLANG_WARN_CONSTANT_CONVERSION = YES;
				CLANG_WARN_DEPRECATED_OBJC_IMPLEMENTATIONS = YES;
				CLANG_WARN_DIRECT_OBJC_ISA_USAGE = YES_ERROR;
				CLANG_WARN_DOCUMENTATION_COMMENTS = YES;
				CLANG_WARN_EMPTY_BODY = YES;
				CLANG_WARN_ENUM_CONVERSION = YES;
				CLANG_WARN_INFINITE_RECURSION = YES;
				CLANG_WARN_INT_CONVERSION = YES;
				CLANG_WARN_NON_LITERAL_NULL_CONVERSION = YES;
				CLANG_WARN_OBJC_IMPLICIT_RETAIN_SELF = YES;
				CLANG_WARN_OBJC_LITERAL_CONVERSION = YES;
				CLANG_WARN_OBJC_ROOT_CLASS = YES_ERROR;
				CLANG_WARN_QUOTED_INCLUDE_IN_FRAMEWORK_HEADER = YES;
				CLANG_WARN_RANGE_LOOP_ANALYSIS = YES;
				CLANG_WARN_STRICT_PROTOTYPES = YES;
				CLANG_WARN_SUSPICIOUS_MOVE = YES;
				CLANG_WARN_UNGUARDED_AVAILABILITY = YES_AGGRESSIVE;
				CLANG_WARN_UNREACHABLE_CODE = YES;
				CLANG_WARN__DUPLICATE_METHOD_MATCH = YES;
				COPY_PHASE_STRIP = NO;
				DEBUG_INFORMATION_FORMAT = "dwarf-with-dsym";
				ENABLE_NS_ASSERTIONS = NO;
				ENABLE_STRICT_OBJC_MSGSEND = YES;
				GCC_C_LANGUAGE_STANDARD = gnu11;
				GCC_NO_COMMON_BLOCKS = YES;
				GCC_WARN_64_TO_32_BIT_CONVERSION = YES;
				GCC_WARN_ABOUT_RETURN_TYPE = YES_ERROR;
				GCC_WARN_UNDECLARED_SELECTOR = YES;
				GCC_WARN_UNINITIALIZED_AUTOS = YES_AGGRESSIVE;
				GCC_WARN_UNUSED_FUNCTION = YES;
				GCC_WARN_UNUSED_VARIABLE = YES;
				IPHONEOS_DEPLOYMENT_TARGET = 15.4;
				MTL_ENABLE_DEBUG_INFO = NO;
				MTL_FAST_MATH = YES;
				SDKROOT = iphoneos;
				SWIFT_COMPILATION_MODE = wholemodule;
				SWIFT_OPTIMIZATION_LEVEL = "-O";
				VALIDATE_PRODUCT = YES;
			};
			name = Release;
		};
		FF61941427F7DA35007942A9 /* Debug */ = {
			isa = XCBuildConfiguration;
			baseConfigurationReference = 1AB0F3083DE2A3DF14B909D5 /* Pods-Publisher.debug.xcconfig */;
			buildSettings = {
				ASSETCATALOG_COMPILER_APPICON_NAME = AppIcon;
				ASSETCATALOG_COMPILER_GLOBAL_ACCENT_COLOR_NAME = AccentColor;
				CODE_SIGN_STYLE = Automatic;
				CURRENT_PROJECT_VERSION = 1;
				DEVELOPMENT_TEAM = 3F3N8USCH4;
				GENERATE_INFOPLIST_FILE = YES;
				INFOPLIST_FILE = Publisher/Info.plist;
				INFOPLIST_KEY_UIApplicationSupportsIndirectInputEvents = YES;
				INFOPLIST_KEY_UILaunchStoryboardName = LaunchScreen;
				INFOPLIST_KEY_UIMainStoryboardFile = Main;
				INFOPLIST_KEY_UISupportedInterfaceOrientations_iPad = "UIInterfaceOrientationPortrait UIInterfaceOrientationPortraitUpsideDown UIInterfaceOrientationLandscapeLeft UIInterfaceOrientationLandscapeRight";
				INFOPLIST_KEY_UISupportedInterfaceOrientations_iPhone = "UIInterfaceOrientationPortrait UIInterfaceOrientationLandscapeLeft UIInterfaceOrientationLandscapeRight";
				LD_RUNPATH_SEARCH_PATHS = (
					"$(inherited)",
					"@executable_path/Frameworks",
				);
				MARKETING_VERSION = 1.0;
				PRODUCT_BUNDLE_IDENTIFIER = com.LiamHao.Publisher;
				PRODUCT_NAME = "$(TARGET_NAME)";
				SWIFT_EMIT_LOC_STRINGS = YES;
				SWIFT_VERSION = 5.0;
				TARGETED_DEVICE_FAMILY = "1,2";
			};
			name = Debug;
		};
		FF61941527F7DA35007942A9 /* Release */ = {
			isa = XCBuildConfiguration;
			baseConfigurationReference = 8CD8845AD99C4BCCB5DE4ADE /* Pods-Publisher.release.xcconfig */;
			buildSettings = {
				ASSETCATALOG_COMPILER_APPICON_NAME = AppIcon;
				ASSETCATALOG_COMPILER_GLOBAL_ACCENT_COLOR_NAME = AccentColor;
				CODE_SIGN_STYLE = Automatic;
				CURRENT_PROJECT_VERSION = 1;
				DEVELOPMENT_TEAM = 3F3N8USCH4;
				GENERATE_INFOPLIST_FILE = YES;
				INFOPLIST_FILE = Publisher/Info.plist;
				INFOPLIST_KEY_UIApplicationSupportsIndirectInputEvents = YES;
				INFOPLIST_KEY_UILaunchStoryboardName = LaunchScreen;
				INFOPLIST_KEY_UIMainStoryboardFile = Main;
				INFOPLIST_KEY_UISupportedInterfaceOrientations_iPad = "UIInterfaceOrientationPortrait UIInterfaceOrientationPortraitUpsideDown UIInterfaceOrientationLandscapeLeft UIInterfaceOrientationLandscapeRight";
				INFOPLIST_KEY_UISupportedInterfaceOrientations_iPhone = "UIInterfaceOrientationPortrait UIInterfaceOrientationLandscapeLeft UIInterfaceOrientationLandscapeRight";
				LD_RUNPATH_SEARCH_PATHS = (
					"$(inherited)",
					"@executable_path/Frameworks",
				);
				MARKETING_VERSION = 1.0;
				PRODUCT_BUNDLE_IDENTIFIER = com.LiamHao.Publisher;
				PRODUCT_NAME = "$(TARGET_NAME)";
				SWIFT_EMIT_LOC_STRINGS = YES;
				SWIFT_VERSION = 5.0;
				TARGETED_DEVICE_FAMILY = "1,2";
			};
			name = Release;
		};
/* End XCBuildConfiguration section */

/* Begin XCConfigurationList section */
		FF6193FA27F7DA33007942A9 /* Build configuration list for PBXProject "Publisher" */ = {
			isa = XCConfigurationList;
			buildConfigurations = (
				FF61941127F7DA35007942A9 /* Debug */,
				FF61941227F7DA35007942A9 /* Release */,
			);
			defaultConfigurationIsVisible = 0;
			defaultConfigurationName = Release;
		};
		FF61941327F7DA35007942A9 /* Build configuration list for PBXNativeTarget "Publisher" */ = {
			isa = XCConfigurationList;
			buildConfigurations = (
				FF61941427F7DA35007942A9 /* Debug */,
				FF61941527F7DA35007942A9 /* Release */,
			);
			defaultConfigurationIsVisible = 0;
			defaultConfigurationName = Release;
		};
/* End XCConfigurationList section */
	};
	rootObject = FF6193F727F7DA33007942A9 /* Project object */;
}
